
Microsoft Visual Studio Solution File, Format Version 12.00
# Visual Studio Version 17
VisualStudioVersion = 17.0.32112.339
MinimumVisualStudioVersion = 10.0.40219.1
Project("{FAE04EC0-301F-11D3-BF4B-00C04F79EFBC}") = "laba 8", "laba 8.csproj", "{20163637-F1EA-4873-B8BD-B7211BC343DB}"
EndProject
Global
	GlobalSection(SolutionConfigurationPlatforms) = preSolution
		Debug|Any CPU = Debug|Any CPU
		Release|Any CPU = Release|Any CPU
	EndGlobalSection
	GlobalSection(ProjectConfigurationPlatforms) = postSolution
		{20163637-F1EA-4873-B8BD-B7211BC343DB}.Debug|Any CPU.ActiveCfg = Debug|Any CPU
		{20163637-F1EA-4873-B8BD-B7211BC343DB}.Debug|Any CPU.Build.0 = Debug|Any CPU
		{20163637-F1EA-4873-B8BD-B7211BC343DB}.Release|Any CPU.ActiveCfg = Release|Any CPU
		{20163637-F1EA-4873-B8BD-B7211BC343DB}.Release|Any CPU.Build.0 = Release|Any CPU
	EndGlobalSection
	GlobalSection(SolutionProperties) = preSolution
		HideSolutionNode = FALSE
	EndGlobalSection
	GlobalSection(ExtensibilityGlobals) = postSolution
		SolutionGuid = {5AB8C359-5376-48AC-AD5E-8F35B337CEC6}
	EndGlobalSection
EndGlobal
